<?xml version="1.0" encoding="utf-8"?>
<Project ToolsVersion="4.0" xmlns="http://schemas.microsoft.com/developer/msbuild/2003">
  <ItemGroup>
    <Filter Include="리소스 파일">
      <UniqueIdentifier>{67DA6AB6-F800-4c08-8B7A-83BB121AAD01}</UniqueIdentifier>
      <Extensions>rc;ico;cur;bmp;dlg;rc2;rct;bin;rgs;gif;jpg;jpeg;jpe;resx;tiff;tif;png;wav;mfcribbon-ms</Extensions>
    </Filter>
    <Filter Include="Default">
      <UniqueIdentifier>{4FC737F1-C7A5-4376-A066-2A32D752A2FF}</UniqueIdentifier>
      <Extensions>cpp;c;cc;cxx;c++;cppm;ixx;def;odl;idl;hpj;bat;asm;asmx</Extensions>
    </Filter>
    <Filter Include="Game">
      <UniqueIdentifier>{93995380-89BD-4b04-88EB-625FBE52EBFB}</UniqueIdentifier>
      <Extensions>h;hh;hpp;hxx;h++;hm;inl;inc;ipp;xsd</Extensions>
    </Filter>
    <Filter Include="Game\01. Header">
      <UniqueIdentifier>{3dfc6849-d04c-4a8b-92d3-34019663ffe0}</UniqueIdentifier>
    </Filter>
    <Filter Include="Game\02. Engine">
      <UniqueIdentifier>{c6fc694a-4402-4976-99fa-98a62987d449}</UniqueIdentifier>
    </Filter>
    <Filter Include="Game\03. Manager">
      <UniqueIdentifier>{e74ed37f-bbd1-4608-8dd0-5571ea7bb640}</UniqueIdentifier>
    </Filter>
    <Filter Include="Game\04. Level">
      <UniqueIdentifier>{fc7f90d9-a54f-4d2f-94db-9345edab7f2c}</UniqueIdentifier>
    </Filter>
    <Filter Include="Game\05. Object">
      <UniqueIdentifier>{fa18b6ae-5910-48ac-85b8-e2b1a65ddbe2}</UniqueIdentifier>
    </Filter>
    <Filter Include="Game\06. Component">
      <UniqueIdentifier>{8ce9b5aa-6f2f-484a-969b-d50a63bc939f}</UniqueIdentifier>
    </Filter>
    <Filter Include="Game\07. Asset">
      <UniqueIdentifier>{6e683e5b-4c2b-4a52-beb8-80e1cc3df60b}</UniqueIdentifier>
    </Filter>
    <Filter Include="Game\08. State">
      <UniqueIdentifier>{9144a369-ff51-41ff-bf8f-190d349be68f}</UniqueIdentifier>
    </Filter>
    <Filter Include="Game\04. Level\EditorLevel">
      <UniqueIdentifier>{1423eb60-aa6a-4251-a095-a1eb0a133678}</UniqueIdentifier>
    </Filter>
    <Filter Include="Game\04. Level\TiltleLevel">
      <UniqueIdentifier>{7ad98f0a-57aa-4c4f-86ee-74a8252e9ff9}</UniqueIdentifier>
    </Filter>
    <Filter Include="Game\04. Level\TutorialLevel">
      <UniqueIdentifier>{11dbc11f-e295-437a-8ad7-84bf8d1e59ce}</UniqueIdentifier>
    </Filter>
    <Filter Include="Game\05. Object\Player">
      <UniqueIdentifier>{cdf5f735-5fd9-4ef1-8dc8-1d74d5a68aa2}</UniqueIdentifier>
    </Filter>
    <Filter Include="Game\05. Object\Monster">
      <UniqueIdentifier>{ac8ec9c2-2b5b-436b-b400-679fa1345ff7}</UniqueIdentifier>
    </Filter>
    <Filter Include="Game\05. Object\Platform">
      <UniqueIdentifier>{9495b4f6-bdf8-4c65-83a9-9ba8c90459d3}</UniqueIdentifier>
    </Filter>
    <Filter Include="Game\05. Object\Tile">
      <UniqueIdentifier>{9231dbd4-8c55-40e6-87f1-526bf05a7644}</UniqueIdentifier>
    </Filter>
    <Filter Include="Game\05. Object\UI">
      <UniqueIdentifier>{4bab2a4c-7d61-434d-8197-6fefedf647d0}</UniqueIdentifier>
    </Filter>
    <Filter Include="Game\06. Component\Animator">
      <UniqueIdentifier>{15d41905-eea2-49bd-9eb6-eba2b67ef19f}</UniqueIdentifier>
    </Filter>
    <Filter Include="Game\06. Component\Animator\Anim">
      <UniqueIdentifier>{580db393-0611-4d71-bd61-b4ad3eaa5a3e}</UniqueIdentifier>
    </Filter>
    <Filter Include="Game\06. Component\Collider">
      <UniqueIdentifier>{137bd022-17a8-41d1-b25e-fcf1c05af5eb}</UniqueIdentifier>
    </Filter>
    <Filter Include="Game\06. Component\Movement">
      <UniqueIdentifier>{80449c81-ddd5-4693-ad22-7db3ac0ddd2d}</UniqueIdentifier>
    </Filter>
    <Filter Include="Game\06. Component\StateMachine">
      <UniqueIdentifier>{2ec113a7-f01d-4052-847a-76ce423290f0}</UniqueIdentifier>
    </Filter>
    <Filter Include="Game\07. Asset\Sound">
      <UniqueIdentifier>{aff34041-43be-4d47-9e09-a3a8d255db6a}</UniqueIdentifier>
    </Filter>
    <Filter Include="Game\07. Asset\Texture">
      <UniqueIdentifier>{29d37d4b-77be-4a15-a44e-cb4d992360ff}</UniqueIdentifier>
    </Filter>
    <Filter Include="Game\05. Object\Monster\Goomba">
      <UniqueIdentifier>{93c98010-4196-460b-9538-fd819942f517}</UniqueIdentifier>
    </Filter>
    <Filter Include="Game\05. Object\Monster\Turtle">
      <UniqueIdentifier>{0826737f-206e-4b50-a0a4-7a997a94bc86}</UniqueIdentifier>
    </Filter>
  </ItemGroup>
  <ItemGroup>
    <ClInclude Include="framework.h">
      <Filter>Default</Filter>
    </ClInclude>
    <ClInclude Include="Resource.h">
      <Filter>Default</Filter>
    </ClInclude>
    <ClInclude Include="targetver.h">
      <Filter>Default</Filter>
    </ClInclude>
    <ClInclude Include="pch.h">
      <Filter>Default</Filter>
    </ClInclude>
    <ClInclude Include="components.h">
      <Filter>Game\01. Header</Filter>
    </ClInclude>
    <ClInclude Include="define.h">
      <Filter>Game\01. Header</Filter>
    </ClInclude>
    <ClInclude Include="func.h">
      <Filter>Game\01. Header</Filter>
    </ClInclude>
    <ClInclude Include="global.h">
      <Filter>Game\01. Header</Filter>
    </ClInclude>
    <ClInclude Include="struct.h">
      <Filter>Game\01. Header</Filter>
    </ClInclude>
    <ClInclude Include="CEngine.h">
      <Filter>Game\02. Engine</Filter>
    </ClInclude>
    <ClInclude Include="CAssetMgr.h">
      <Filter>Game\03. Manager</Filter>
    </ClInclude>
    <ClInclude Include="CCollisionMgr.h">
      <Filter>Game\03. Manager</Filter>
    </ClInclude>
    <ClInclude Include="CGCMgr.h">
      <Filter>Game\03. Manager</Filter>
    </ClInclude>
    <ClInclude Include="CKeyMgr.h">
      <Filter>Game\03. Manager</Filter>
    </ClInclude>
    <ClInclude Include="CLevelMgr.h">
      <Filter>Game\03. Manager</Filter>
    </ClInclude>
    <ClInclude Include="CLogMgr.h">
      <Filter>Game\03. Manager</Filter>
    </ClInclude>
    <ClInclude Include="CPathMgr.h">
      <Filter>Game\03. Manager</Filter>
    </ClInclude>
    <ClInclude Include="CSoundMgr.h">
      <Filter>Game\03. Manager</Filter>
    </ClInclude>
    <ClInclude Include="CTaskMgr.h">
      <Filter>Game\03. Manager</Filter>
    </ClInclude>
    <ClInclude Include="CTimeMgr.h">
      <Filter>Game\03. Manager</Filter>
    </ClInclude>
    <ClInclude Include="CUIMgr.h">
      <Filter>Game\03. Manager</Filter>
    </ClInclude>
    <ClInclude Include="CLayer.h">
      <Filter>Game\04. Level</Filter>
    </ClInclude>
    <ClInclude Include="CLevel.h">
      <Filter>Game\04. Level</Filter>
    </ClInclude>
    <ClInclude Include="CEditorLevel.h">
      <Filter>Game\04. Level\EditorLevel</Filter>
    </ClInclude>
    <ClInclude Include="CMonster.h">
      <Filter>Game\05. Object\Monster</Filter>
    </ClInclude>
    <ClInclude Include="CBtnUI.h">
      <Filter>Game\05. Object\UI</Filter>
    </ClInclude>
    <ClInclude Include="CPanelUI.h">
      <Filter>Game\05. Object\UI</Filter>
    </ClInclude>
    <ClInclude Include="CUI.h">
      <Filter>Game\05. Object\UI</Filter>
    </ClInclude>
    <ClInclude Include="CObj.h">
      <Filter>Game\05. Object</Filter>
    </ClInclude>
    <ClInclude Include="CPlatform.h">
      <Filter>Game\05. Object\Platform</Filter>
    </ClInclude>
    <ClInclude Include="CMario.h">
      <Filter>Game\05. Object\Player</Filter>
    </ClInclude>
    <ClInclude Include="CTile.h">
      <Filter>Game\05. Object\Tile</Filter>
    </ClInclude>
    <ClInclude Include="CComponent.h">
      <Filter>Game\06. Component</Filter>
    </ClInclude>
    <ClInclude Include="CAnim.h">
      <Filter>Game\06. Component\Animator\Anim</Filter>
    </ClInclude>
    <ClInclude Include="CAnimator.h">
      <Filter>Game\06. Component\Animator</Filter>
    </ClInclude>
    <ClInclude Include="CStateMachine.h">
      <Filter>Game\06. Component\StateMachine</Filter>
    </ClInclude>
    <ClInclude Include="CMovement.h">
      <Filter>Game\06. Component\Movement</Filter>
    </ClInclude>
    <ClInclude Include="CCollider.h">
      <Filter>Game\06. Component\Collider</Filter>
    </ClInclude>
    <ClInclude Include="CAsset.h">
      <Filter>Game\07. Asset</Filter>
    </ClInclude>
    <ClInclude Include="CSound.h">
      <Filter>Game\07. Asset\Sound</Filter>
    </ClInclude>
    <ClInclude Include="CTexture.h">
      <Filter>Game\07. Asset\Texture</Filter>
    </ClInclude>
    <ClInclude Include="CState.h">
      <Filter>Game\08. State</Filter>
    </ClInclude>
    <ClInclude Include="CEntity.h">
      <Filter>Game</Filter>
    </ClInclude>
    <ClInclude Include="CCamera.h">
      <Filter>Game\03. Manager</Filter>
    </ClInclude>
    <ClInclude Include="CStartLevel.h">
      <Filter>Game\04. Level\TiltleLevel</Filter>
    </ClInclude>
    <ClInclude Include="CImageUI.h">
      <Filter>Game\05. Object\UI</Filter>
    </ClInclude>
    <ClInclude Include="CPlayLevel.h">
      <Filter>Game\04. Level\TutorialLevel</Filter>
    </ClInclude>
    <ClInclude Include="SMB3.h">
      <Filter>Default</Filter>
    </ClInclude>
    <ClInclude Include="CGoomba.h">
      <Filter>Game\05. Object\Monster\Goomba</Filter>
    </ClInclude>
  </ItemGroup>
  <ItemGroup>
    <ClCompile Include="pch.cpp">
      <Filter>Default</Filter>
    </ClCompile>
    <ClCompile Include="func.cpp">
      <Filter>Game\01. Header</Filter>
    </ClCompile>
    <ClCompile Include="struct.cpp">
      <Filter>Game\01. Header</Filter>
    </ClCompile>
    <ClCompile Include="CEngine.cpp">
      <Filter>Game\02. Engine</Filter>
    </ClCompile>
    <ClCompile Include="CAssetMgr.cpp">
      <Filter>Game\03. Manager</Filter>
    </ClCompile>
    <ClCompile Include="CCollisionMgr.cpp">
      <Filter>Game\03. Manager</Filter>
    </ClCompile>
    <ClCompile Include="CGCMgr.cpp">
      <Filter>Game\03. Manager</Filter>
    </ClCompile>
    <ClCompile Include="CKeyMgr.cpp">
      <Filter>Game\03. Manager</Filter>
    </ClCompile>
    <ClCompile Include="CLevelMgr.cpp">
      <Filter>Game\03. Manager</Filter>
    </ClCompile>
    <ClCompile Include="CLogMgr.cpp">
      <Filter>Game\03. Manager</Filter>
    </ClCompile>
    <ClCompile Include="CPathMgr.cpp">
      <Filter>Game\03. Manager</Filter>
    </ClCompile>
    <ClCompile Include="CSoundMgr.cpp">
      <Filter>Game\03. Manager</Filter>
    </ClCompile>
    <ClCompile Include="CTaskMgr.cpp">
      <Filter>Game\03. Manager</Filter>
    </ClCompile>
    <ClCompile Include="CTimeMgr.cpp">
      <Filter>Game\03. Manager</Filter>
    </ClCompile>
    <ClCompile Include="CUIMgr.cpp">
      <Filter>Game\03. Manager</Filter>
    </ClCompile>
    <ClCompile Include="CLayer.cpp">
      <Filter>Game\04. Level</Filter>
    </ClCompile>
    <ClCompile Include="CLevel.cpp">
      <Filter>Game\04. Level</Filter>
    </ClCompile>
    <ClCompile Include="CEditorLevel.cpp">
      <Filter>Game\04. Level\EditorLevel</Filter>
    </ClCompile>
    <ClCompile Include="CMonster.cpp">
      <Filter>Game\05. Object\Monster</Filter>
    </ClCompile>
    <ClCompile Include="CBtnUI.cpp">
      <Filter>Game\05. Object\UI</Filter>
    </ClCompile>
    <ClCompile Include="CPanelUI.cpp">
      <Filter>Game\05. Object\UI</Filter>
    </ClCompile>
    <ClCompile Include="CUI.cpp">
      <Filter>Game\05. Object\UI</Filter>
    </ClCompile>
    <ClCompile Include="CObj.cpp">
      <Filter>Game\05. Object</Filter>
    </ClCompile>
    <ClCompile Include="CPlatform.cpp">
      <Filter>Game\05. Object\Platform</Filter>
    </ClCompile>
    <ClCompile Include="CMario.cpp">
      <Filter>Game\05. Object\Player</Filter>
    </ClCompile>
    <ClCompile Include="CTile.cpp">
      <Filter>Game\05. Object\Tile</Filter>
    </ClCompile>
    <ClCompile Include="CComponent.cpp">
      <Filter>Game\06. Component</Filter>
    </ClCompile>
    <ClCompile Include="CAnim.cpp">
      <Filter>Game\06. Component\Animator\Anim</Filter>
    </ClCompile>
    <ClCompile Include="CAnimator.cpp">
      <Filter>Game\06. Component\Animator</Filter>
    </ClCompile>
    <ClCompile Include="CStateMachine.cpp">
      <Filter>Game\06. Component\StateMachine</Filter>
    </ClCompile>
    <ClCompile Include="CMovement.cpp">
      <Filter>Game\06. Component\Movement</Filter>
    </ClCompile>
    <ClCompile Include="CCollider.cpp">
      <Filter>Game\06. Component\Collider</Filter>
    </ClCompile>
    <ClCompile Include="CAsset.cpp">
      <Filter>Game\07. Asset</Filter>
    </ClCompile>
    <ClCompile Include="CSound.cpp">
      <Filter>Game\07. Asset\Sound</Filter>
    </ClCompile>
    <ClCompile Include="CTexture.cpp">
      <Filter>Game\07. Asset\Texture</Filter>
    </ClCompile>
    <ClCompile Include="CState.cpp">
      <Filter>Game\08. State</Filter>
    </ClCompile>
    <ClCompile Include="CEntity.cpp">
      <Filter>Game</Filter>
    </ClCompile>
    <ClCompile Include="CCamera.cpp">
      <Filter>Game\03. Manager</Filter>
    </ClCompile>
    <ClCompile Include="CStartLevel.cpp">
      <Filter>Game\04. Level\TiltleLevel</Filter>
    </ClCompile>
    <ClCompile Include="CImageUI.cpp">
      <Filter>Game\05. Object\UI</Filter>
    </ClCompile>
    <ClCompile Include="SMB3.cpp">
      <Filter>Default</Filter>
    </ClCompile>
    <ClCompile Include="CPlayLevel.cpp">
      <Filter>Game\04. Level\TutorialLevel</Filter>
    </ClCompile>
    <ClCompile Include="CGoomba.cpp">
      <Filter>Game\05. Object\Monster\Goomba</Filter>
    </ClCompile>
  </ItemGroup>
  <ItemGroup>
    <ResourceCompile Include="SMB3.rc">
      <Filter>리소스 파일</Filter>
    </ResourceCompile>
  </ItemGroup>
  <ItemGroup>
    <Image Include="small.ico">
      <Filter>리소스 파일</Filter>
    </Image>
    <Image Include="SMB3.ico">
      <Filter>리소스 파일</Filter>
    </Image>
  </ItemGroup>
</Project>